
Microsoft Visual Studio Solution File, Format Version 12.00
# Visual Studio Version 16
VisualStudioVersion = 25.0.1705.0
MinimumVisualStudioVersion = 10.0.40219.1
Project("{2150E333-8FDC-42A3-9474-1A3956D46DE8}") = "Services", "Services", "{9EB99357-100D-4568-A40A-0A25E213696D}"
EndProject
Project("{2150E333-8FDC-42A3-9474-1A3956D46DE8}") = "Catalog", "Catalog", "{A23D95F4-6E79-4207-98E9-C55239A5B8F6}"
EndProject
Project("{FAE04EC0-301F-11D3-BF4B-00C04F79EFBC}") = "Catalog.API", "Services\Catalog\Catalog.API\Catalog.API.csproj", "{5351B7BE-A483-4E23-AF45-C01C0E385F50}"
EndProject
Project("{E53339B2-1760-4266-BCC7-CA923CBCF16C}") = "docker-compose", "docker-compose.dcproj", "{C2F3DB24-3F10-4423-859D-BCDA65FF259D}"
EndProject
Project("{2150E333-8FDC-42A3-9474-1A3956D46DE8}") = "Basket", "Basket", "{1487614D-F77C-4217-944A-1C4E8B81DBBF}"
EndProject
Project("{FAE04EC0-301F-11D3-BF4B-00C04F79EFBC}") = "Basket.API", "Services\Basket\Basket.API\Basket.API.csproj", "{FDECB39D-A462-43A9-B544-6C07DC10E1FF}"
EndProject
Project("{2150E333-8FDC-42A3-9474-1A3956D46DE8}") = "Discount", "Discount", "{6AFE8976-54BF-413B-AA74-8C8EEAA4C1FB}"
EndProject
Project("{FAE04EC0-301F-11D3-BF4B-00C04F79EFBC}") = "Discount.API", "Services\Discount\Discount.API\Discount.API.csproj", "{582C9104-76BA-4F8E-8D2C-359A95B05C74}"
EndProject
Project("{FAE04EC0-301F-11D3-BF4B-00C04F79EFBC}") = "Discount.Grpc", "Services\Discount\Discount.Grpc\Discount.Grpc.csproj", "{AE273A82-67D4-4C8B-87A7-C4F87C8F83CA}"
EndProject
Project("{2150E333-8FDC-42A3-9474-1A3956D46DE8}") = "Ordering", "Ordering", "{AE88DD39-7A0F-43C2-92C2-95B128B4DD60}"
EndProject
Project("{FAE04EC0-301F-11D3-BF4B-00C04F79EFBC}") = "Ordering.API", "Services\Ordering\Ordering.API\Ordering.API.csproj", "{87E53B9D-3FB4-4629-9429-6AD3D7C0505E}"
EndProject
Project("{FAE04EC0-301F-11D3-BF4B-00C04F79EFBC}") = "Ordering.Domain", "Services\Ordering\Ordering.Domain\Ordering.Domain.csproj", "{26C2CD81-DC2E-4C9D-B212-B9C1EAB70B23}"
EndProject
Project("{FAE04EC0-301F-11D3-BF4B-00C04F79EFBC}") = "Ordering.Application", "Services\Ordering\Ordering.Application\Ordering.Application.csproj", "{51061B47-6AD9-4B00-BBB3-2ED273D601F2}"
EndProject
Project("{FAE04EC0-301F-11D3-BF4B-00C04F79EFBC}") = "Ordering.Infrastructure", "Services\Ordering\Ordering.Infrastructure\Ordering.Infrastructure.csproj", "{C7CE9DF5-40C2-442A-8D25-F17F4F44FC1C}"
EndProject
Project("{2150E333-8FDC-42A3-9474-1A3956D46DE8}") = "BuildingBlocks", "BuildingBlocks", "{1A86386B-CA5B-472B-90E9-B74774AA1622}"
EndProject
Project("{FAE04EC0-301F-11D3-BF4B-00C04F79EFBC}") = "EventBus.Messages", "BuildingBlocks\EventBus.Messages\EventBus.Messages.csproj", "{0E5B0A23-4052-450E-9B5C-51C66CFEEAD7}"
EndProject
Project("{2150E333-8FDC-42A3-9474-1A3956D46DE8}") = "ApiGateways", "ApiGateways", "{1D2FDD34-64A9-45A4-A2C9-3891AFF8CE95}"
EndProject
Project("{FAE04EC0-301F-11D3-BF4B-00C04F79EFBC}") = "OcelotApiGw", "ApiGateways\OcelotApiGw\OcelotApiGw.csproj", "{67A301D6-5CAB-4942-B7D3-016408C4F96C}"
EndProject
Project("{FAE04EC0-301F-11D3-BF4B-00C04F79EFBC}") = "Shopping.Aggregator", "ApiGateways\Shopping.Aggregator\Shopping.Aggregator.csproj", "{018DEFFB-8A37-41A4-AC70-C979B7CEA5E7}"
EndProject
Global
	GlobalSection(SolutionConfigurationPlatforms) = preSolution
		Debug|Any CPU = Debug|Any CPU
		Release|Any CPU = Release|Any CPU
	EndGlobalSection
	GlobalSection(ProjectConfigurationPlatforms) = postSolution
		{5351B7BE-A483-4E23-AF45-C01C0E385F50}.Debug|Any CPU.ActiveCfg = Debug|Any CPU
		{5351B7BE-A483-4E23-AF45-C01C0E385F50}.Debug|Any CPU.Build.0 = Debug|Any CPU
		{5351B7BE-A483-4E23-AF45-C01C0E385F50}.Release|Any CPU.ActiveCfg = Release|Any CPU
		{5351B7BE-A483-4E23-AF45-C01C0E385F50}.Release|Any CPU.Build.0 = Release|Any CPU
		{C2F3DB24-3F10-4423-859D-BCDA65FF259D}.Debug|Any CPU.ActiveCfg = Debug|Any CPU
		{C2F3DB24-3F10-4423-859D-BCDA65FF259D}.Debug|Any CPU.Build.0 = Debug|Any CPU
		{C2F3DB24-3F10-4423-859D-BCDA65FF259D}.Release|Any CPU.ActiveCfg = Release|Any CPU
		{C2F3DB24-3F10-4423-859D-BCDA65FF259D}.Release|Any CPU.Build.0 = Release|Any CPU
		{FDECB39D-A462-43A9-B544-6C07DC10E1FF}.Debug|Any CPU.ActiveCfg = Debug|Any CPU
		{FDECB39D-A462-43A9-B544-6C07DC10E1FF}.Debug|Any CPU.Build.0 = Debug|Any CPU
		{FDECB39D-A462-43A9-B544-6C07DC10E1FF}.Release|Any CPU.ActiveCfg = Release|Any CPU
		{FDECB39D-A462-43A9-B544-6C07DC10E1FF}.Release|Any CPU.Build.0 = Release|Any CPU
		{582C9104-76BA-4F8E-8D2C-359A95B05C74}.Debug|Any CPU.ActiveCfg = Debug|Any CPU
		{582C9104-76BA-4F8E-8D2C-359A95B05C74}.Debug|Any CPU.Build.0 = Debug|Any CPU
		{582C9104-76BA-4F8E-8D2C-359A95B05C74}.Release|Any CPU.ActiveCfg = Release|Any CPU
		{582C9104-76BA-4F8E-8D2C-359A95B05C74}.Release|Any CPU.Build.0 = Release|Any CPU
		{AE273A82-67D4-4C8B-87A7-C4F87C8F83CA}.Debug|Any CPU.ActiveCfg = Debug|Any CPU
		{AE273A82-67D4-4C8B-87A7-C4F87C8F83CA}.Debug|Any CPU.Build.0 = Debug|Any CPU
		{AE273A82-67D4-4C8B-87A7-C4F87C8F83CA}.Release|Any CPU.ActiveCfg = Release|Any CPU
		{AE273A82-67D4-4C8B-87A7-C4F87C8F83CA}.Release|Any CPU.Build.0 = Release|Any CPU
		{87E53B9D-3FB4-4629-9429-6AD3D7C0505E}.Debug|Any CPU.ActiveCfg = Debug|Any CPU
		{87E53B9D-3FB4-4629-9429-6AD3D7C0505E}.Debug|Any CPU.Build.0 = Debug|Any CPU
		{87E53B9D-3FB4-4629-9429-6AD3D7C0505E}.Release|Any CPU.ActiveCfg = Release|Any CPU
		{87E53B9D-3FB4-4629-9429-6AD3D7C0505E}.Release|Any CPU.Build.0 = Release|Any CPU
		{26C2CD81-DC2E-4C9D-B212-B9C1EAB70B23}.Debug|Any CPU.ActiveCfg = Debug|Any CPU
		{26C2CD81-DC2E-4C9D-B212-B9C1EAB70B23}.Debug|Any CPU.Build.0 = Debug|Any CPU
		{26C2CD81-DC2E-4C9D-B212-B9C1EAB70B23}.Release|Any CPU.ActiveCfg = Release|Any CPU
		{26C2CD81-DC2E-4C9D-B212-B9C1EAB70B23}.Release|Any CPU.Build.0 = Release|Any CPU
		{51061B47-6AD9-4B00-BBB3-2ED273D601F2}.Debug|Any CPU.ActiveCfg = Debug|Any CPU
		{51061B47-6AD9-4B00-BBB3-2ED273D601F2}.Debug|Any CPU.Build.0 = Debug|Any CPU
		{51061B47-6AD9-4B00-BBB3-2ED273D601F2}.Release|Any CPU.ActiveCfg = Release|Any CPU
		{51061B47-6AD9-4B00-BBB3-2ED273D601F2}.Release|Any CPU.Build.0 = Release|Any CPU
		{C7CE9DF5-40C2-442A-8D25-F17F4F44FC1C}.Debug|Any CPU.ActiveCfg = Debug|Any CPU
		{C7CE9DF5-40C2-442A-8D25-F17F4F44FC1C}.Debug|Any CPU.Build.0 = Debug|Any CPU
		{C7CE9DF5-40C2-442A-8D25-F17F4F44FC1C}.Release|Any CPU.ActiveCfg = Release|Any CPU
		{C7CE9DF5-40C2-442A-8D25-F17F4F44FC1C}.Release|Any CPU.Build.0 = Release|Any CPU
		{0E5B0A23-4052-450E-9B5C-51C66CFEEAD7}.Debug|Any CPU.ActiveCfg = Debug|Any CPU
		{0E5B0A23-4052-450E-9B5C-51C66CFEEAD7}.Debug|Any CPU.Build.0 = Debug|Any CPU
		{0E5B0A23-4052-450E-9B5C-51C66CFEEAD7}.Release|Any CPU.ActiveCfg = Release|Any CPU
		{0E5B0A23-4052-450E-9B5C-51C66CFEEAD7}.Release|Any CPU.Build.0 = Release|Any CPU
		{67A301D6-5CAB-4942-B7D3-016408C4F96C}.Debug|Any CPU.ActiveCfg = Debug|Any CPU
		{67A301D6-5CAB-4942-B7D3-016408C4F96C}.Debug|Any CPU.Build.0 = Debug|Any CPU
		{67A301D6-5CAB-4942-B7D3-016408C4F96C}.Release|Any CPU.ActiveCfg = Release|Any CPU
		{67A301D6-5CAB-4942-B7D3-016408C4F96C}.Release|Any CPU.Build.0 = Release|Any CPU
		{018DEFFB-8A37-41A4-AC70-C979B7CEA5E7}.Debug|Any CPU.ActiveCfg = Debug|Any CPU
		{018DEFFB-8A37-41A4-AC70-C979B7CEA5E7}.Debug|Any CPU.Build.0 = Debug|Any CPU
		{018DEFFB-8A37-41A4-AC70-C979B7CEA5E7}.Release|Any CPU.ActiveCfg = Release|Any CPU
		{018DEFFB-8A37-41A4-AC70-C979B7CEA5E7}.Release|Any CPU.Build.0 = Release|Any CPU
	EndGlobalSection
	GlobalSection(SolutionProperties) = preSolution
		HideSolutionNode = FALSE
	EndGlobalSection
	GlobalSection(ExtensibilityGlobals) = postSolution
		SolutionGuid = {737AE9F6-5345-4E6F-9FDD-2B66F1C49300}
	EndGlobalSection
	GlobalSection(NestedProjects) = preSolution
		{A23D95F4-6E79-4207-98E9-C55239A5B8F6} = {9EB99357-100D-4568-A40A-0A25E213696D}
		{5351B7BE-A483-4E23-AF45-C01C0E385F50} = {A23D95F4-6E79-4207-98E9-C55239A5B8F6}
		{1487614D-F77C-4217-944A-1C4E8B81DBBF} = {9EB99357-100D-4568-A40A-0A25E213696D}
		{FDECB39D-A462-43A9-B544-6C07DC10E1FF} = {1487614D-F77C-4217-944A-1C4E8B81DBBF}
		{6AFE8976-54BF-413B-AA74-8C8EEAA4C1FB} = {9EB99357-100D-4568-A40A-0A25E213696D}
		{582C9104-76BA-4F8E-8D2C-359A95B05C74} = {6AFE8976-54BF-413B-AA74-8C8EEAA4C1FB}
		{AE273A82-67D4-4C8B-87A7-C4F87C8F83CA} = {6AFE8976-54BF-413B-AA74-8C8EEAA4C1FB}
		{AE88DD39-7A0F-43C2-92C2-95B128B4DD60} = {9EB99357-100D-4568-A40A-0A25E213696D}
		{87E53B9D-3FB4-4629-9429-6AD3D7C0505E} = {AE88DD39-7A0F-43C2-92C2-95B128B4DD60}
		{26C2CD81-DC2E-4C9D-B212-B9C1EAB70B23} = {AE88DD39-7A0F-43C2-92C2-95B128B4DD60}
		{51061B47-6AD9-4B00-BBB3-2ED273D601F2} = {AE88DD39-7A0F-43C2-92C2-95B128B4DD60}
		{C7CE9DF5-40C2-442A-8D25-F17F4F44FC1C} = {AE88DD39-7A0F-43C2-92C2-95B128B4DD60}
		{0E5B0A23-4052-450E-9B5C-51C66CFEEAD7} = {1A86386B-CA5B-472B-90E9-B74774AA1622}
		{67A301D6-5CAB-4942-B7D3-016408C4F96C} = {1D2FDD34-64A9-45A4-A2C9-3891AFF8CE95}
		{018DEFFB-8A37-41A4-AC70-C979B7CEA5E7} = {1D2FDD34-64A9-45A4-A2C9-3891AFF8CE95}
	EndGlobalSection
	GlobalSection(MonoDevelopProperties) = preSolution
		Policies = $0
		$0.DotNetNamingPolicy = $1
		$1.DirectoryNamespaceAssociation = PrefixedHierarchical
		$0.TextStylePolicy = $2
		$2.inheritsSet = null
		$2.scope = text/x-csharp
		$0.CSharpFormattingPolicy = $3
		$3.scope = text/x-csharp
		$0.TextStylePolicy = $4
		$4.FileWidth = 80
		$4.TabsToSpaces = True
		$4.scope = text/plain
		$0.TextStylePolicy = $5
		$5.inheritsSet = null
		$5.scope = text/x-json
		$0.TextStylePolicy = $6
		$6.inheritsSet = null
		$6.scope = text/x-web
		$0.TextStylePolicy = $7
		$7.inheritsSet = null
		$7.scope = text/x-vs
		$0.StandardHeader = $8
	EndGlobalSection
EndGlobal
